
Microsoft Visual Studio Solution File, Format Version 12.00
# Visual Studio Version 17
VisualStudioVersion = 17.11.35303.130
MinimumVisualStudioVersion = 10.0.40219.1
Project("{FAE04EC0-301F-11D3-BF4B-00C04F79EFBC}") = "StudentCarsCrud", "StudentCarsCrud\StudentCarsCrud.csproj", "{15C18FFA-1FA4-4912-B465-1BE6FC25645B}"
EndProject
Global
	GlobalSection(SolutionConfigurationPlatforms) = preSolution
		Debug|Any CPU = Debug|Any CPU
		Release|Any CPU = Release|Any CPU
	EndGlobalSection
	GlobalSection(ProjectConfigurationPlatforms) = postSolution
		{15C18FFA-1FA4-4912-B465-1BE6FC25645B}.Debug|Any CPU.ActiveCfg = Debug|Any CPU
		{15C18FFA-1FA4-4912-B465-1BE6FC25645B}.Debug|Any CPU.Build.0 = Debug|Any CPU
		{15C18FFA-1FA4-4912-B465-1BE6FC25645B}.Release|Any CPU.ActiveCfg = Release|Any CPU
		{15C18FFA-1FA4-4912-B465-1BE6FC25645B}.Release|Any CPU.Build.0 = Release|Any CPU
	EndGlobalSection
	GlobalSection(SolutionProperties) = preSolution
		HideSolutionNode = FALSE
	EndGlobalSection
	GlobalSection(ExtensibilityGlobals) = postSolution
		SolutionGuid = {E89C5114-7153-4718-8D8D-B1F423883D0A}
	EndGlobalSection
EndGlobal
